
Microsoft Visual Studio Solution File, Format Version 12.00
# Visual Studio Version 17
VisualStudioVersion = 17.0.31903.59
MinimumVisualStudioVersion = 10.0.40219.1
Project("{2150E333-8FDC-42A3-9474-1A3956D46DE8}") = "src", "src", "{AF6FA622-9FAC-44EB-9E19-8F1C16AF29ED}"
EndProject
Project("{FAE04EC0-301F-11D3-BF4B-00C04F79EFBC}") = "GymManagement.Api", "src\GymManagement.Api\GymManagement.Api.csproj", "{C94244D4-BC8D-48E5-B1EA-B88E59E4CF24}"
EndProject
Project("{FAE04EC0-301F-11D3-BF4B-00C04F79EFBC}") = "GymManagement.Application", "src\GymManagement.Application\GymManagement.Application.csproj", "{04F6FC8F-A668-4CCA-90DB-621CAD6786A6}"
EndProject
Project("{FAE04EC0-301F-11D3-BF4B-00C04F79EFBC}") = "GymManagement.Domain", "src\GymManagement.Domain\GymManagement.Domain.csproj", "{FFC99F43-1BE4-460B-96A9-4FEDCD6376DE}"
EndProject
Project("{FAE04EC0-301F-11D3-BF4B-00C04F79EFBC}") = "GymManagement.Infrastrucuture", "src\GymManagement.Infrastrucuture\GymManagement.Infrastrucuture.csproj", "{7585B00D-F0AF-49A5-BC49-5EACF2C010DA}"
EndProject
Project("{2150E333-8FDC-42A3-9474-1A3956D46DE8}") = "requests", "requests", "{70FA0590-A017-4EF2-A59D-C32D543D695B}"
	ProjectSection(SolutionItems) = preProject
		GymManagement.Api.http = GymManagement.Api.http
	EndProjectSection
EndProject
Global
	GlobalSection(SolutionConfigurationPlatforms) = preSolution
		Debug|Any CPU = Debug|Any CPU
		Release|Any CPU = Release|Any CPU
	EndGlobalSection
	GlobalSection(SolutionProperties) = preSolution
		HideSolutionNode = FALSE
	EndGlobalSection
	GlobalSection(ProjectConfigurationPlatforms) = postSolution
		{C94244D4-BC8D-48E5-B1EA-B88E59E4CF24}.Debug|Any CPU.ActiveCfg = Debug|Any CPU
		{C94244D4-BC8D-48E5-B1EA-B88E59E4CF24}.Debug|Any CPU.Build.0 = Debug|Any CPU
		{C94244D4-BC8D-48E5-B1EA-B88E59E4CF24}.Release|Any CPU.ActiveCfg = Release|Any CPU
		{C94244D4-BC8D-48E5-B1EA-B88E59E4CF24}.Release|Any CPU.Build.0 = Release|Any CPU
		{04F6FC8F-A668-4CCA-90DB-621CAD6786A6}.Debug|Any CPU.ActiveCfg = Debug|Any CPU
		{04F6FC8F-A668-4CCA-90DB-621CAD6786A6}.Debug|Any CPU.Build.0 = Debug|Any CPU
		{04F6FC8F-A668-4CCA-90DB-621CAD6786A6}.Release|Any CPU.ActiveCfg = Release|Any CPU
		{04F6FC8F-A668-4CCA-90DB-621CAD6786A6}.Release|Any CPU.Build.0 = Release|Any CPU
		{FFC99F43-1BE4-460B-96A9-4FEDCD6376DE}.Debug|Any CPU.ActiveCfg = Debug|Any CPU
		{FFC99F43-1BE4-460B-96A9-4FEDCD6376DE}.Debug|Any CPU.Build.0 = Debug|Any CPU
		{FFC99F43-1BE4-460B-96A9-4FEDCD6376DE}.Release|Any CPU.ActiveCfg = Release|Any CPU
		{FFC99F43-1BE4-460B-96A9-4FEDCD6376DE}.Release|Any CPU.Build.0 = Release|Any CPU
		{7585B00D-F0AF-49A5-BC49-5EACF2C010DA}.Debug|Any CPU.ActiveCfg = Debug|Any CPU
		{7585B00D-F0AF-49A5-BC49-5EACF2C010DA}.Debug|Any CPU.Build.0 = Debug|Any CPU
		{7585B00D-F0AF-49A5-BC49-5EACF2C010DA}.Release|Any CPU.ActiveCfg = Release|Any CPU
		{7585B00D-F0AF-49A5-BC49-5EACF2C010DA}.Release|Any CPU.Build.0 = Release|Any CPU
	EndGlobalSection
	GlobalSection(NestedProjects) = preSolution
		{C94244D4-BC8D-48E5-B1EA-B88E59E4CF24} = {AF6FA622-9FAC-44EB-9E19-8F1C16AF29ED}
		{04F6FC8F-A668-4CCA-90DB-621CAD6786A6} = {AF6FA622-9FAC-44EB-9E19-8F1C16AF29ED}
		{FFC99F43-1BE4-460B-96A9-4FEDCD6376DE} = {AF6FA622-9FAC-44EB-9E19-8F1C16AF29ED}
		{7585B00D-F0AF-49A5-BC49-5EACF2C010DA} = {AF6FA622-9FAC-44EB-9E19-8F1C16AF29ED}
	EndGlobalSection
EndGlobal
