
Microsoft Visual Studio Solution File, Format Version 12.00
# Visual Studio Version 17
VisualStudioVersion = 17.0.31903.59
MinimumVisualStudioVersion = 10.0.40219.1
Project("{2150E333-8FDC-42A3-9474-1A3956D46DE8}") = "src", "src", "{AF6FA622-9FAC-44EB-9E19-8F1C16AF29ED}"
EndProject
Project("{FAE04EC0-301F-11D3-BF4B-00C04F79EFBC}") = "GymManagement.Api", "src\GymManagement.Api\GymManagement.Api.csproj", "{C94244D4-BC8D-48E5-B1EA-B88E59E4CF24}"
EndProject
Project("{FAE04EC0-301F-11D3-BF4B-00C04F79EFBC}") = "GymManagement.Application", "src\GymManagement.Application\GymManagement.Application.csproj", "{04F6FC8F-A668-4CCA-90DB-621CAD6786A6}"
EndProject
Project("{FAE04EC0-301F-11D3-BF4B-00C04F79EFBC}") = "GymManagement.Domain", "src\GymManagement.Domain\GymManagement.Domain.csproj", "{FFC99F43-1BE4-460B-96A9-4FEDCD6376DE}"
EndProject
Project("{FAE04EC0-301F-11D3-BF4B-00C04F79EFBC}") = "GymManagement.Infrastructure", "src\GymManagement.Infrastructure\GymManagement.Infrastructure.csproj", "{7585B00D-F0AF-49A5-BC49-5EACF2C010DA}"
EndProject
Project("{2150E333-8FDC-42A3-9474-1A3956D46DE8}") = "requests", "requests", "{70FA0590-A017-4EF2-A59D-C32D543D695B}"
EndProject
Project("{2150E333-8FDC-42A3-9474-1A3956D46DE8}") = "Subscriptions", "Subscriptions", "{A7D82637-2DF8-4718-8D5D-5CD7263BE9DC}"
EndProject
Project("{FAE04EC0-301F-11D3-BF4B-00C04F79EFBC}") = "GymManagement.Contracts", "src\GymManagement.Contracts\GymManagement.Contracts.csproj", "{CEC19363-70C7-42D6-9AD0-5865A2EE5E41}"
EndProject
Project("{2150E333-8FDC-42A3-9474-1A3956D46DE8}") = "Gyms", "Gyms", "{20A8A5FF-D452-4ECE-877A-6BC989C53D50}"
	ProjectSection(SolutionItems) = preProject
		AddTrainer.http = AddTrainer.http
		CreateGym.http = CreateGym.http
		DeleteGym.http = DeleteGym.http
		ListGyms.http = ListGyms.http
	EndProjectSection
EndProject
Project("{2150E333-8FDC-42A3-9474-1A3956D46DE8}") = "Rooms", "Rooms", "{9CE0CF58-3011-4DB1-BF7E-EB5D51F72B21}"
	ProjectSection(SolutionItems) = preProject
		..\..\torrent\Getting Started Clean Architecture in .NET\code\12-end\requests\Rooms\CreateRoom.http = ..\..\torrent\Getting Started Clean Architecture in .NET\code\12-end\requests\Rooms\CreateRoom.http
		..\..\torrent\Getting Started Clean Architecture in .NET\code\12-end\requests\Rooms\DeleteRoom.http = ..\..\torrent\Getting Started Clean Architecture in .NET\code\12-end\requests\Rooms\DeleteRoom.http
	EndProjectSection
EndProject
Project("{2150E333-8FDC-42A3-9474-1A3956D46DE8}") = "Sunscriptions", "Sunscriptions", "{9A154806-61E1-4680-B3BD-4A0716433A66}"
	ProjectSection(SolutionItems) = preProject
		CreateSubscription.http = CreateSubscription.http
		DeleteSubscription.http = DeleteSubscription.http
		GetSubscription.http = GetSubscription.http
	EndProjectSection
EndProject
Global
	GlobalSection(SolutionConfigurationPlatforms) = preSolution
		Debug|Any CPU = Debug|Any CPU
		Release|Any CPU = Release|Any CPU
	EndGlobalSection
	GlobalSection(ProjectConfigurationPlatforms) = postSolution
		{C94244D4-BC8D-48E5-B1EA-B88E59E4CF24}.Debug|Any CPU.ActiveCfg = Debug|Any CPU
		{C94244D4-BC8D-48E5-B1EA-B88E59E4CF24}.Debug|Any CPU.Build.0 = Debug|Any CPU
		{C94244D4-BC8D-48E5-B1EA-B88E59E4CF24}.Release|Any CPU.ActiveCfg = Release|Any CPU
		{C94244D4-BC8D-48E5-B1EA-B88E59E4CF24}.Release|Any CPU.Build.0 = Release|Any CPU
		{04F6FC8F-A668-4CCA-90DB-621CAD6786A6}.Debug|Any CPU.ActiveCfg = Debug|Any CPU
		{04F6FC8F-A668-4CCA-90DB-621CAD6786A6}.Debug|Any CPU.Build.0 = Debug|Any CPU
		{04F6FC8F-A668-4CCA-90DB-621CAD6786A6}.Release|Any CPU.ActiveCfg = Release|Any CPU
		{04F6FC8F-A668-4CCA-90DB-621CAD6786A6}.Release|Any CPU.Build.0 = Release|Any CPU
		{FFC99F43-1BE4-460B-96A9-4FEDCD6376DE}.Debug|Any CPU.ActiveCfg = Debug|Any CPU
		{FFC99F43-1BE4-460B-96A9-4FEDCD6376DE}.Debug|Any CPU.Build.0 = Debug|Any CPU
		{FFC99F43-1BE4-460B-96A9-4FEDCD6376DE}.Release|Any CPU.ActiveCfg = Release|Any CPU
		{FFC99F43-1BE4-460B-96A9-4FEDCD6376DE}.Release|Any CPU.Build.0 = Release|Any CPU
		{7585B00D-F0AF-49A5-BC49-5EACF2C010DA}.Debug|Any CPU.ActiveCfg = Debug|Any CPU
		{7585B00D-F0AF-49A5-BC49-5EACF2C010DA}.Debug|Any CPU.Build.0 = Debug|Any CPU
		{7585B00D-F0AF-49A5-BC49-5EACF2C010DA}.Release|Any CPU.ActiveCfg = Release|Any CPU
		{7585B00D-F0AF-49A5-BC49-5EACF2C010DA}.Release|Any CPU.Build.0 = Release|Any CPU
		{CEC19363-70C7-42D6-9AD0-5865A2EE5E41}.Debug|Any CPU.ActiveCfg = Debug|Any CPU
		{CEC19363-70C7-42D6-9AD0-5865A2EE5E41}.Debug|Any CPU.Build.0 = Debug|Any CPU
		{CEC19363-70C7-42D6-9AD0-5865A2EE5E41}.Release|Any CPU.ActiveCfg = Release|Any CPU
		{CEC19363-70C7-42D6-9AD0-5865A2EE5E41}.Release|Any CPU.Build.0 = Release|Any CPU
	EndGlobalSection
	GlobalSection(SolutionProperties) = preSolution
		HideSolutionNode = FALSE
	EndGlobalSection
	GlobalSection(NestedProjects) = preSolution
		{C94244D4-BC8D-48E5-B1EA-B88E59E4CF24} = {AF6FA622-9FAC-44EB-9E19-8F1C16AF29ED}
		{04F6FC8F-A668-4CCA-90DB-621CAD6786A6} = {AF6FA622-9FAC-44EB-9E19-8F1C16AF29ED}
		{FFC99F43-1BE4-460B-96A9-4FEDCD6376DE} = {AF6FA622-9FAC-44EB-9E19-8F1C16AF29ED}
		{7585B00D-F0AF-49A5-BC49-5EACF2C010DA} = {AF6FA622-9FAC-44EB-9E19-8F1C16AF29ED}
		{A7D82637-2DF8-4718-8D5D-5CD7263BE9DC} = {70FA0590-A017-4EF2-A59D-C32D543D695B}
		{CEC19363-70C7-42D6-9AD0-5865A2EE5E41} = {AF6FA622-9FAC-44EB-9E19-8F1C16AF29ED}
		{20A8A5FF-D452-4ECE-877A-6BC989C53D50} = {A7D82637-2DF8-4718-8D5D-5CD7263BE9DC}
		{9CE0CF58-3011-4DB1-BF7E-EB5D51F72B21} = {A7D82637-2DF8-4718-8D5D-5CD7263BE9DC}
		{9A154806-61E1-4680-B3BD-4A0716433A66} = {A7D82637-2DF8-4718-8D5D-5CD7263BE9DC}
	EndGlobalSection
EndGlobal
